// !$*UTF8*$!
{
	archiveVersion = 1;
	classes = {
	};
	objectVersion = 56;
	objects = {

/* Begin PBXBuildFile section */
		583216B12B039CE50023D286 /* CardTourDefault.swift in Sources */ = {isa = PBXBuildFile; fileRef = 583216B02B039CE50023D286 /* CardTourDefault.swift */; };
		583216B32B03BDF10023D286 /* CardTour.swift in Sources */ = {isa = PBXBuildFile; fileRef = 583216B22B03BDF10023D286 /* CardTour.swift */; };
		585D6DDC2B05148100C66FE9 /* CategoriesCard.swift in Sources */ = {isa = PBXBuildFile; fileRef = 585D6DDB2B05148100C66FE9 /* CategoriesCard.swift */; };
		585D6DDE2B0514B500C66FE9 /* StopPoints.swift in Sources */ = {isa = PBXBuildFile; fileRef = 585D6DDD2B0514B500C66FE9 /* StopPoints.swift */; };
		585D6DE02B05436400C66FE9 /* CategoryNameTour.swift in Sources */ = {isa = PBXBuildFile; fileRef = 585D6DDF2B05436400C66FE9 /* CategoryNameTour.swift */; };
		A7250ABA2AFA78FD00B34A61 /* TourModel.swift in Sources */ = {isa = PBXBuildFile; fileRef = A7250AB92AFA78FD00B34A61 /* TourModel.swift */; };
		A7250ABD2AFA7AD000B34A61 /* TourManager.swift in Sources */ = {isa = PBXBuildFile; fileRef = A7250ABC2AFA7AD000B34A61 /* TourManager.swift */; };
		A7250ABF2AFA7D3200B34A61 /* ToursView.swift in Sources */ = {isa = PBXBuildFile; fileRef = A7250ABE2AFA7D3200B34A61 /* ToursView.swift */; };
		A74EC6CD2B0254E100EB3217 /* Color.swift in Sources */ = {isa = PBXBuildFile; fileRef = A74EC6CC2B0254E100EB3217 /* Color.swift */; };
		A74EC6E22B025B4500EB3217 /* Poppins-ExtraLight.ttf in Resources */ = {isa = PBXBuildFile; fileRef = A74EC6CF2B025B4500EB3217 /* Poppins-ExtraLight.ttf */; };
		A74EC6E32B025B4500EB3217 /* Poppins-ThinItalic.ttf in Resources */ = {isa = PBXBuildFile; fileRef = A74EC6D02B025B4500EB3217 /* Poppins-ThinItalic.ttf */; };
		A74EC6E42B025B4500EB3217 /* Poppins-ExtraLightItalic.ttf in Resources */ = {isa = PBXBuildFile; fileRef = A74EC6D12B025B4500EB3217 /* Poppins-ExtraLightItalic.ttf */; };
		A74EC6E52B025B4500EB3217 /* Poppins-BoldItalic.ttf in Resources */ = {isa = PBXBuildFile; fileRef = A74EC6D22B025B4500EB3217 /* Poppins-BoldItalic.ttf */; };
		A74EC6E62B025B4500EB3217 /* Poppins-Light.ttf in Resources */ = {isa = PBXBuildFile; fileRef = A74EC6D32B025B4500EB3217 /* Poppins-Light.ttf */; };
		A74EC6E72B025B4500EB3217 /* Poppins-Medium.ttf in Resources */ = {isa = PBXBuildFile; fileRef = A74EC6D42B025B4500EB3217 /* Poppins-Medium.ttf */; };
		A74EC6E82B025B4500EB3217 /* Poppins-SemiBoldItalic.ttf in Resources */ = {isa = PBXBuildFile; fileRef = A74EC6D52B025B4500EB3217 /* Poppins-SemiBoldItalic.ttf */; };
		A74EC6E92B025B4500EB3217 /* Poppins-ExtraBoldItalic.ttf in Resources */ = {isa = PBXBuildFile; fileRef = A74EC6D62B025B4500EB3217 /* Poppins-ExtraBoldItalic.ttf */; };
		A74EC6EA2B025B4500EB3217 /* Poppins-ExtraBold.ttf in Resources */ = {isa = PBXBuildFile; fileRef = A74EC6D72B025B4500EB3217 /* Poppins-ExtraBold.ttf */; };
		A74EC6EB2B025B4500EB3217 /* Poppins-BlackItalic.ttf in Resources */ = {isa = PBXBuildFile; fileRef = A74EC6D82B025B4500EB3217 /* Poppins-BlackItalic.ttf */; };
		A74EC6EC2B025B4500EB3217 /* OFL.txt in Resources */ = {isa = PBXBuildFile; fileRef = A74EC6D92B025B4500EB3217 /* OFL.txt */; };
		A74EC6ED2B025B4500EB3217 /* Poppins-Regular.ttf in Resources */ = {isa = PBXBuildFile; fileRef = A74EC6DA2B025B4500EB3217 /* Poppins-Regular.ttf */; };
		A74EC6EE2B025B4500EB3217 /* Poppins-LightItalic.ttf in Resources */ = {isa = PBXBuildFile; fileRef = A74EC6DB2B025B4500EB3217 /* Poppins-LightItalic.ttf */; };
		A74EC6EF2B025B4500EB3217 /* Poppins-Bold.ttf in Resources */ = {isa = PBXBuildFile; fileRef = A74EC6DC2B025B4500EB3217 /* Poppins-Bold.ttf */; };
		A74EC6F02B025B4500EB3217 /* Poppins-Black.ttf in Resources */ = {isa = PBXBuildFile; fileRef = A74EC6DD2B025B4500EB3217 /* Poppins-Black.ttf */; };
		A74EC6F12B025B4500EB3217 /* Poppins-Thin.ttf in Resources */ = {isa = PBXBuildFile; fileRef = A74EC6DE2B025B4500EB3217 /* Poppins-Thin.ttf */; };
		A74EC6F22B025B4500EB3217 /* Poppins-SemiBold.ttf in Resources */ = {isa = PBXBuildFile; fileRef = A74EC6DF2B025B4500EB3217 /* Poppins-SemiBold.ttf */; };
		A74EC6F32B025B4500EB3217 /* Poppins-Italic.ttf in Resources */ = {isa = PBXBuildFile; fileRef = A74EC6E02B025B4500EB3217 /* Poppins-Italic.ttf */; };
		A74EC6F42B025B4500EB3217 /* Poppins-MediumItalic.ttf in Resources */ = {isa = PBXBuildFile; fileRef = A74EC6E12B025B4500EB3217 /* Poppins-MediumItalic.ttf */; };
		A74EC6F62B025B6D00EB3217 /* Font.swift in Sources */ = {isa = PBXBuildFile; fileRef = A74EC6F52B025B6D00EB3217 /* Font.swift */; };
		A7BE65E52AFC915D002931FF /* PlacesManager.swift in Sources */ = {isa = PBXBuildFile; fileRef = A7BE65E42AFC915D002931FF /* PlacesManager.swift */; };
		A7BE65E72AFC91D1002931FF /* PlaceModel.swift in Sources */ = {isa = PBXBuildFile; fileRef = A7BE65E62AFC91D1002931FF /* PlaceModel.swift */; };
		A7FAA98F2AFD01B900CB1146 /* PointsView.swift in Sources */ = {isa = PBXBuildFile; fileRef = A7FAA98E2AFD01B900CB1146 /* PointsView.swift */; };
		A7FDFC9B2B039EB500BB0738 /* Image.swift in Sources */ = {isa = PBXBuildFile; fileRef = A7FDFC9A2B039EB500BB0738 /* Image.swift */; };
		A7FDFC9D2B03B4B600BB0738 /* NotesEditorView.swift in Sources */ = {isa = PBXBuildFile; fileRef = A7FDFC9C2B03B4B600BB0738 /* NotesEditorView.swift */; };
		C1DC74A42B056D7200BA039C /* SearchResultModel.swift in Sources */ = {isa = PBXBuildFile; fileRef = C1DC74A32B056D7200BA039C /* SearchResultModel.swift */; };
		C1DC74A62B056E5E00BA039C /* MarkerModel.swift in Sources */ = {isa = PBXBuildFile; fileRef = C1DC74A52B056E5E00BA039C /* MarkerModel.swift */; };
		C1DC74A92B056ED600BA039C /* MapView.swift in Sources */ = {isa = PBXBuildFile; fileRef = C1DC74A82B056ED600BA039C /* MapView.swift */; };
		C1DC74AB2B056EEB00BA039C /* MapViewModel.swift in Sources */ = {isa = PBXBuildFile; fileRef = C1DC74AA2B056EEB00BA039C /* MapViewModel.swift */; };
		C1DC74AF2B056F2F00BA039C /* DataAccess.swift in Sources */ = {isa = PBXBuildFile; fileRef = C1DC74AE2B056F2F00BA039C /* DataAccess.swift */; };
		C1DC74B12B056F4300BA039C /* MapKitDataAccess.swift in Sources */ = {isa = PBXBuildFile; fileRef = C1DC74B02B056F4300BA039C /* MapKitDataAccess.swift */; };
		C1DC74B32B056F5F00BA039C /* SearchLocationService.swift in Sources */ = {isa = PBXBuildFile; fileRef = C1DC74B22B056F5F00BA039C /* SearchLocationService.swift */; };
		C1DC74B52B056F7300BA039C /* SearchLocationServiceFactory.swift in Sources */ = {isa = PBXBuildFile; fileRef = C1DC74B42B056F7300BA039C /* SearchLocationServiceFactory.swift */; };
		C1DC74B72B05700700BA039C /* AddStopSheetView.swift in Sources */ = {isa = PBXBuildFile; fileRef = C1DC74B62B05700700BA039C /* AddStopSheetView.swift */; };
		C1DC74B92B05711E00BA039C /* FinishAddingStopsView.swift in Sources */ = {isa = PBXBuildFile; fileRef = C1DC74B82B05711E00BA039C /* FinishAddingStopsView.swift */; };
		C1DC74BB2B05718E00BA039C /* StopAddedToTourView.swift in Sources */ = {isa = PBXBuildFile; fileRef = C1DC74BA2B05718E00BA039C /* StopAddedToTourView.swift */; };
		C1DC74BD2B05723500BA039C /* SearchLocationView.swift in Sources */ = {isa = PBXBuildFile; fileRef = C1DC74BC2B05723500BA039C /* SearchLocationView.swift */; };
		C1DC74BF2B05867500BA039C /* OnboardingView.swift in Sources */ = {isa = PBXBuildFile; fileRef = C1DC74BE2B05867500BA039C /* OnboardingView.swift */; };
		C1DC74C12B058D2300BA039C /* OnboardingFirstPage.swift in Sources */ = {isa = PBXBuildFile; fileRef = C1DC74C02B058D2300BA039C /* OnboardingFirstPage.swift */; };
		C1DC74C32B058EEF00BA039C /* OnboardingSecondPage.swift in Sources */ = {isa = PBXBuildFile; fileRef = C1DC74C22B058EEF00BA039C /* OnboardingSecondPage.swift */; };
		C1DF60142AF995B800F0812C /* Mini3App.swift in Sources */ = {isa = PBXBuildFile; fileRef = C1DF60132AF995B800F0812C /* Mini3App.swift */; };
		C1DF60162AF995B800F0812C /* ContentView.swift in Sources */ = {isa = PBXBuildFile; fileRef = C1DF60152AF995B800F0812C /* ContentView.swift */; };
		C1DF60182AF995B900F0812C /* Assets.xcassets in Resources */ = {isa = PBXBuildFile; fileRef = C1DF60172AF995B900F0812C /* Assets.xcassets */; };
		C1DF601B2AF995B900F0812C /* Preview Assets.xcassets in Resources */ = {isa = PBXBuildFile; fileRef = C1DF601A2AF995B900F0812C /* Preview Assets.xcassets */; };
		C1DF601D2AF995B900F0812C /* Persistence.swift in Sources */ = {isa = PBXBuildFile; fileRef = C1DF601C2AF995B900F0812C /* Persistence.swift */; };
		C1DF60202AF995B900F0812C /* Mini3.xcdatamodeld in Sources */ = {isa = PBXBuildFile; fileRef = C1DF601E2AF995B900F0812C /* Mini3.xcdatamodeld */; };
		C1DF60282AF998D700F0812C /* Map in Frameworks */ = {isa = PBXBuildFile; productRef = C1DF60272AF998D700F0812C /* Map */; };
/* End PBXBuildFile section */

/* Begin PBXFileReference section */
		583216B02B039CE50023D286 /* CardTourDefault.swift */ = {isa = PBXFileReference; lastKnownFileType = sourcecode.swift; path = CardTourDefault.swift; sourceTree = "<group>"; };
		583216B22B03BDF10023D286 /* CardTour.swift */ = {isa = PBXFileReference; lastKnownFileType = sourcecode.swift; path = CardTour.swift; sourceTree = "<group>"; };
		585D6DDB2B05148100C66FE9 /* CategoriesCard.swift */ = {isa = PBXFileReference; lastKnownFileType = sourcecode.swift; path = CategoriesCard.swift; sourceTree = "<group>"; };
		585D6DDD2B0514B500C66FE9 /* StopPoints.swift */ = {isa = PBXFileReference; lastKnownFileType = sourcecode.swift; path = StopPoints.swift; sourceTree = "<group>"; };
		585D6DDF2B05436400C66FE9 /* CategoryNameTour.swift */ = {isa = PBXFileReference; lastKnownFileType = sourcecode.swift; path = CategoryNameTour.swift; sourceTree = "<group>"; };
		A7250AB92AFA78FD00B34A61 /* TourModel.swift */ = {isa = PBXFileReference; lastKnownFileType = sourcecode.swift; path = TourModel.swift; sourceTree = "<group>"; };
		A7250ABC2AFA7AD000B34A61 /* TourManager.swift */ = {isa = PBXFileReference; lastKnownFileType = sourcecode.swift; path = TourManager.swift; sourceTree = "<group>"; };
		A7250ABE2AFA7D3200B34A61 /* ToursView.swift */ = {isa = PBXFileReference; lastKnownFileType = sourcecode.swift; path = ToursView.swift; sourceTree = "<group>"; };
		A74EC6CC2B0254E100EB3217 /* Color.swift */ = {isa = PBXFileReference; lastKnownFileType = sourcecode.swift; path = Color.swift; sourceTree = "<group>"; };
		A74EC6CF2B025B4500EB3217 /* Poppins-ExtraLight.ttf */ = {isa = PBXFileReference; lastKnownFileType = file; path = "Poppins-ExtraLight.ttf"; sourceTree = "<group>"; };
		A74EC6D02B025B4500EB3217 /* Poppins-ThinItalic.ttf */ = {isa = PBXFileReference; lastKnownFileType = file; path = "Poppins-ThinItalic.ttf"; sourceTree = "<group>"; };
		A74EC6D12B025B4500EB3217 /* Poppins-ExtraLightItalic.ttf */ = {isa = PBXFileReference; lastKnownFileType = file; path = "Poppins-ExtraLightItalic.ttf"; sourceTree = "<group>"; };
		A74EC6D22B025B4500EB3217 /* Poppins-BoldItalic.ttf */ = {isa = PBXFileReference; lastKnownFileType = file; path = "Poppins-BoldItalic.ttf"; sourceTree = "<group>"; };
		A74EC6D32B025B4500EB3217 /* Poppins-Light.ttf */ = {isa = PBXFileReference; lastKnownFileType = file; path = "Poppins-Light.ttf"; sourceTree = "<group>"; };
		A74EC6D42B025B4500EB3217 /* Poppins-Medium.ttf */ = {isa = PBXFileReference; lastKnownFileType = file; path = "Poppins-Medium.ttf"; sourceTree = "<group>"; };
		A74EC6D52B025B4500EB3217 /* Poppins-SemiBoldItalic.ttf */ = {isa = PBXFileReference; lastKnownFileType = file; path = "Poppins-SemiBoldItalic.ttf"; sourceTree = "<group>"; };
		A74EC6D62B025B4500EB3217 /* Poppins-ExtraBoldItalic.ttf */ = {isa = PBXFileReference; lastKnownFileType = file; path = "Poppins-ExtraBoldItalic.ttf"; sourceTree = "<group>"; };
		A74EC6D72B025B4500EB3217 /* Poppins-ExtraBold.ttf */ = {isa = PBXFileReference; lastKnownFileType = file; path = "Poppins-ExtraBold.ttf"; sourceTree = "<group>"; };
		A74EC6D82B025B4500EB3217 /* Poppins-BlackItalic.ttf */ = {isa = PBXFileReference; lastKnownFileType = file; path = "Poppins-BlackItalic.ttf"; sourceTree = "<group>"; };
		A74EC6D92B025B4500EB3217 /* OFL.txt */ = {isa = PBXFileReference; fileEncoding = 4; lastKnownFileType = text; path = OFL.txt; sourceTree = "<group>"; };
		A74EC6DA2B025B4500EB3217 /* Poppins-Regular.ttf */ = {isa = PBXFileReference; lastKnownFileType = file; path = "Poppins-Regular.ttf"; sourceTree = "<group>"; };
		A74EC6DB2B025B4500EB3217 /* Poppins-LightItalic.ttf */ = {isa = PBXFileReference; lastKnownFileType = file; path = "Poppins-LightItalic.ttf"; sourceTree = "<group>"; };
		A74EC6DC2B025B4500EB3217 /* Poppins-Bold.ttf */ = {isa = PBXFileReference; lastKnownFileType = file; path = "Poppins-Bold.ttf"; sourceTree = "<group>"; };
		A74EC6DD2B025B4500EB3217 /* Poppins-Black.ttf */ = {isa = PBXFileReference; lastKnownFileType = file; path = "Poppins-Black.ttf"; sourceTree = "<group>"; };
		A74EC6DE2B025B4500EB3217 /* Poppins-Thin.ttf */ = {isa = PBXFileReference; lastKnownFileType = file; path = "Poppins-Thin.ttf"; sourceTree = "<group>"; };
		A74EC6DF2B025B4500EB3217 /* Poppins-SemiBold.ttf */ = {isa = PBXFileReference; lastKnownFileType = file; path = "Poppins-SemiBold.ttf"; sourceTree = "<group>"; };
		A74EC6E02B025B4500EB3217 /* Poppins-Italic.ttf */ = {isa = PBXFileReference; lastKnownFileType = file; path = "Poppins-Italic.ttf"; sourceTree = "<group>"; };
		A74EC6E12B025B4500EB3217 /* Poppins-MediumItalic.ttf */ = {isa = PBXFileReference; lastKnownFileType = file; path = "Poppins-MediumItalic.ttf"; sourceTree = "<group>"; };
		A74EC6F52B025B6D00EB3217 /* Font.swift */ = {isa = PBXFileReference; lastKnownFileType = sourcecode.swift; path = Font.swift; sourceTree = "<group>"; };
		A74EC6F72B025BB200EB3217 /* Info.plist */ = {isa = PBXFileReference; lastKnownFileType = text.plist; path = Info.plist; sourceTree = "<group>"; };
		A7BE65E42AFC915D002931FF /* PlacesManager.swift */ = {isa = PBXFileReference; lastKnownFileType = sourcecode.swift; path = PlacesManager.swift; sourceTree = "<group>"; };
		A7BE65E62AFC91D1002931FF /* PlaceModel.swift */ = {isa = PBXFileReference; lastKnownFileType = sourcecode.swift; path = PlaceModel.swift; sourceTree = "<group>"; };
		A7FAA98E2AFD01B900CB1146 /* PointsView.swift */ = {isa = PBXFileReference; lastKnownFileType = sourcecode.swift; path = PointsView.swift; sourceTree = "<group>"; };
		A7FDFC9A2B039EB500BB0738 /* Image.swift */ = {isa = PBXFileReference; lastKnownFileType = sourcecode.swift; path = Image.swift; sourceTree = "<group>"; };
		A7FDFC9C2B03B4B600BB0738 /* NotesEditorView.swift */ = {isa = PBXFileReference; lastKnownFileType = sourcecode.swift; path = NotesEditorView.swift; sourceTree = "<group>"; };
		C1DC74A32B056D7200BA039C /* SearchResultModel.swift */ = {isa = PBXFileReference; lastKnownFileType = sourcecode.swift; path = SearchResultModel.swift; sourceTree = "<group>"; };
		C1DC74A52B056E5E00BA039C /* MarkerModel.swift */ = {isa = PBXFileReference; lastKnownFileType = sourcecode.swift; path = MarkerModel.swift; sourceTree = "<group>"; };
		C1DC74A82B056ED600BA039C /* MapView.swift */ = {isa = PBXFileReference; lastKnownFileType = sourcecode.swift; path = MapView.swift; sourceTree = "<group>"; };
		C1DC74AA2B056EEB00BA039C /* MapViewModel.swift */ = {isa = PBXFileReference; lastKnownFileType = sourcecode.swift; path = MapViewModel.swift; sourceTree = "<group>"; };
		C1DC74AE2B056F2F00BA039C /* DataAccess.swift */ = {isa = PBXFileReference; lastKnownFileType = sourcecode.swift; path = DataAccess.swift; sourceTree = "<group>"; };
		C1DC74B02B056F4300BA039C /* MapKitDataAccess.swift */ = {isa = PBXFileReference; lastKnownFileType = sourcecode.swift; path = MapKitDataAccess.swift; sourceTree = "<group>"; };
		C1DC74B22B056F5F00BA039C /* SearchLocationService.swift */ = {isa = PBXFileReference; lastKnownFileType = sourcecode.swift; path = SearchLocationService.swift; sourceTree = "<group>"; };
		C1DC74B42B056F7300BA039C /* SearchLocationServiceFactory.swift */ = {isa = PBXFileReference; lastKnownFileType = sourcecode.swift; path = SearchLocationServiceFactory.swift; sourceTree = "<group>"; };
		C1DC74B62B05700700BA039C /* AddStopSheetView.swift */ = {isa = PBXFileReference; lastKnownFileType = sourcecode.swift; path = AddStopSheetView.swift; sourceTree = "<group>"; };
		C1DC74B82B05711E00BA039C /* FinishAddingStopsView.swift */ = {isa = PBXFileReference; lastKnownFileType = sourcecode.swift; path = FinishAddingStopsView.swift; sourceTree = "<group>"; };
		C1DC74BA2B05718E00BA039C /* StopAddedToTourView.swift */ = {isa = PBXFileReference; lastKnownFileType = sourcecode.swift; path = StopAddedToTourView.swift; sourceTree = "<group>"; };
		C1DC74BC2B05723500BA039C /* SearchLocationView.swift */ = {isa = PBXFileReference; lastKnownFileType = sourcecode.swift; path = SearchLocationView.swift; sourceTree = "<group>"; };
		C1DC74BE2B05867500BA039C /* OnboardingView.swift */ = {isa = PBXFileReference; lastKnownFileType = sourcecode.swift; path = OnboardingView.swift; sourceTree = "<group>"; };
		C1DC74C02B058D2300BA039C /* OnboardingFirstPage.swift */ = {isa = PBXFileReference; lastKnownFileType = sourcecode.swift; path = OnboardingFirstPage.swift; sourceTree = "<group>"; };
		C1DC74C22B058EEF00BA039C /* OnboardingSecondPage.swift */ = {isa = PBXFileReference; lastKnownFileType = sourcecode.swift; path = OnboardingSecondPage.swift; sourceTree = "<group>"; };
		C1DF60102AF995B800F0812C /* Mini3.app */ = {isa = PBXFileReference; explicitFileType = wrapper.application; includeInIndex = 0; path = Mini3.app; sourceTree = BUILT_PRODUCTS_DIR; };
		C1DF60132AF995B800F0812C /* Mini3App.swift */ = {isa = PBXFileReference; lastKnownFileType = sourcecode.swift; path = Mini3App.swift; sourceTree = "<group>"; };
		C1DF60152AF995B800F0812C /* ContentView.swift */ = {isa = PBXFileReference; lastKnownFileType = sourcecode.swift; path = ContentView.swift; sourceTree = "<group>"; };
		C1DF60172AF995B900F0812C /* Assets.xcassets */ = {isa = PBXFileReference; lastKnownFileType = folder.assetcatalog; path = Assets.xcassets; sourceTree = "<group>"; };
		C1DF601A2AF995B900F0812C /* Preview Assets.xcassets */ = {isa = PBXFileReference; lastKnownFileType = folder.assetcatalog; path = "Preview Assets.xcassets"; sourceTree = "<group>"; };
		C1DF601C2AF995B900F0812C /* Persistence.swift */ = {isa = PBXFileReference; lastKnownFileType = sourcecode.swift; path = Persistence.swift; sourceTree = "<group>"; };
		C1DF601F2AF995B900F0812C /* Mini3.xcdatamodel */ = {isa = PBXFileReference; lastKnownFileType = wrapper.xcdatamodel; path = Mini3.xcdatamodel; sourceTree = "<group>"; };
/* End PBXFileReference section */

/* Begin PBXFrameworksBuildPhase section */
		C1DF600D2AF995B800F0812C /* Frameworks */ = {
			isa = PBXFrameworksBuildPhase;
			buildActionMask = 2147483647;
			files = (
				C1DF60282AF998D700F0812C /* Map in Frameworks */,
			);
			runOnlyForDeploymentPostprocessing = 0;
		};
/* End PBXFrameworksBuildPhase section */

/* Begin PBXGroup section */
		583216AF2B039C1D0023D286 /* Components */ = {
			isa = PBXGroup;
			children = (
				585D6DDA2B05144700C66FE9 /* CardTourComponents */,
				585D6DDF2B05436400C66FE9 /* CategoryNameTour.swift */,
				583216B22B03BDF10023D286 /* CardTour.swift */,
				583216B02B039CE50023D286 /* CardTourDefault.swift */,
			);
			path = Components;
			sourceTree = "<group>";
		};
		585D6DDA2B05144700C66FE9 /* CardTourComponents */ = {
			isa = PBXGroup;
			children = (
				585D6DDB2B05148100C66FE9 /* CategoriesCard.swift */,
				585D6DDD2B0514B500C66FE9 /* StopPoints.swift */,
			);
			path = CardTourComponents;
			sourceTree = "<group>";
		};
		A7250AB82AFA78F000B34A61 /* Model */ = {
			isa = PBXGroup;
			children = (
				A7250AB92AFA78FD00B34A61 /* TourModel.swift */,
				A7BE65E62AFC91D1002931FF /* PlaceModel.swift */,
				C1DC74A32B056D7200BA039C /* SearchResultModel.swift */,
				C1DC74A52B056E5E00BA039C /* MarkerModel.swift */,
			);
			path = Model;
			sourceTree = "<group>";
		};
		A7250ABB2AFA7AC300B34A61 /* Manager */ = {
			isa = PBXGroup;
			children = (
				A7250ABC2AFA7AD000B34A61 /* TourManager.swift */,
				A7BE65E42AFC915D002931FF /* PlacesManager.swift */,
			);
			path = Manager;
			sourceTree = "<group>";
		};
		A74EC6CB2B0254D700EB3217 /* Defaults */ = {
			isa = PBXGroup;
			children = (
				A74EC6CE2B025B4500EB3217 /* Poppins */,
				A74EC6CC2B0254E100EB3217 /* Color.swift */,
				A74EC6F52B025B6D00EB3217 /* Font.swift */,
				A7FDFC9A2B039EB500BB0738 /* Image.swift */,
			);
			path = Defaults;
			sourceTree = "<group>";
		};
		A74EC6CE2B025B4500EB3217 /* Poppins */ = {
			isa = PBXGroup;
			children = (
				A74EC6CF2B025B4500EB3217 /* Poppins-ExtraLight.ttf */,
				A74EC6D02B025B4500EB3217 /* Poppins-ThinItalic.ttf */,
				A74EC6D12B025B4500EB3217 /* Poppins-ExtraLightItalic.ttf */,
				A74EC6D22B025B4500EB3217 /* Poppins-BoldItalic.ttf */,
				A74EC6D32B025B4500EB3217 /* Poppins-Light.ttf */,
				A74EC6D42B025B4500EB3217 /* Poppins-Medium.ttf */,
				A74EC6D52B025B4500EB3217 /* Poppins-SemiBoldItalic.ttf */,
				A74EC6D62B025B4500EB3217 /* Poppins-ExtraBoldItalic.ttf */,
				A74EC6D72B025B4500EB3217 /* Poppins-ExtraBold.ttf */,
				A74EC6D82B025B4500EB3217 /* Poppins-BlackItalic.ttf */,
				A74EC6D92B025B4500EB3217 /* OFL.txt */,
				A74EC6DA2B025B4500EB3217 /* Poppins-Regular.ttf */,
				A74EC6DB2B025B4500EB3217 /* Poppins-LightItalic.ttf */,
				A74EC6DC2B025B4500EB3217 /* Poppins-Bold.ttf */,
				A74EC6DD2B025B4500EB3217 /* Poppins-Black.ttf */,
				A74EC6DE2B025B4500EB3217 /* Poppins-Thin.ttf */,
				A74EC6DF2B025B4500EB3217 /* Poppins-SemiBold.ttf */,
				A74EC6E02B025B4500EB3217 /* Poppins-Italic.ttf */,
				A74EC6E12B025B4500EB3217 /* Poppins-MediumItalic.ttf */,
			);
			path = Poppins;
			sourceTree = "<group>";
		};
		A7BE65E32AFBCF01002931FF /* Views */ = {
			isa = PBXGroup;
			children = (
				C1DC74A72B056ECA00BA039C /* Map */,
				A7250ABE2AFA7D3200B34A61 /* ToursView.swift */,
				A7FAA98E2AFD01B900CB1146 /* PointsView.swift */,
				C1DF60152AF995B800F0812C /* ContentView.swift */,
				A7FDFC9C2B03B4B600BB0738 /* NotesEditorView.swift */,
				C1DC74BE2B05867500BA039C /* OnboardingView.swift */,
				C1DC74C02B058D2300BA039C /* OnboardingFirstPage.swift */,
				C1DC74C22B058EEF00BA039C /* OnboardingSecondPage.swift */,
			);
			path = Views;
			sourceTree = "<group>";
		};
		C1DC74A72B056ECA00BA039C /* Map */ = {
			isa = PBXGroup;
			children = (
				C1DC74B62B05700700BA039C /* AddStopSheetView.swift */,
				C1DC74A82B056ED600BA039C /* MapView.swift */,
				C1DC74AA2B056EEB00BA039C /* MapViewModel.swift */,
				C1DC74B82B05711E00BA039C /* FinishAddingStopsView.swift */,
				C1DC74BA2B05718E00BA039C /* StopAddedToTourView.swift */,
				C1DC74BC2B05723500BA039C /* SearchLocationView.swift */,
			);
			path = Map;
			sourceTree = "<group>";
		};
		C1DC74AC2B056F0F00BA039C /* Services */ = {
			isa = PBXGroup;
			children = (
				C1DC74AD2B056F1A00BA039C /* SearchLocationService */,
			);
			path = Services;
			sourceTree = "<group>";
		};
		C1DC74AD2B056F1A00BA039C /* SearchLocationService */ = {
			isa = PBXGroup;
			children = (
				C1DC74AE2B056F2F00BA039C /* DataAccess.swift */,
				C1DC74B02B056F4300BA039C /* MapKitDataAccess.swift */,
				C1DC74B22B056F5F00BA039C /* SearchLocationService.swift */,
				C1DC74B42B056F7300BA039C /* SearchLocationServiceFactory.swift */,
			);
			path = SearchLocationService;
			sourceTree = "<group>";
		};
		C1DF60072AF995B800F0812C = {
			isa = PBXGroup;
			children = (
				C1DF60122AF995B800F0812C /* Mini3 */,
				C1DF60112AF995B800F0812C /* Products */,
			);
			sourceTree = "<group>";
		};
		C1DF60112AF995B800F0812C /* Products */ = {
			isa = PBXGroup;
			children = (
				C1DF60102AF995B800F0812C /* Mini3.app */,
			);
			name = Products;
			sourceTree = "<group>";
		};
		C1DF60122AF995B800F0812C /* Mini3 */ = {
			isa = PBXGroup;
			children = (
				C1DF60172AF995B900F0812C /* Assets.xcassets */,
				A74EC6CB2B0254D700EB3217 /* Defaults */,
				A74EC6F72B025BB200EB3217 /* Info.plist */,
				A7250ABB2AFA7AC300B34A61 /* Manager */,
				A7250AB82AFA78F000B34A61 /* Model */,
				583216AF2B039C1D0023D286 /* Components */,
				C1DF601E2AF995B900F0812C /* Mini3.xcdatamodeld */,
				C1DF60132AF995B800F0812C /* Mini3App.swift */,
				A7250AB82AFA78F000B34A61 /* Model */,
				C1DF601C2AF995B900F0812C /* Persistence.swift */,
				C1DF60192AF995B900F0812C /* Preview Content */,
				C1DC74AC2B056F0F00BA039C /* Services */,
				A7BE65E32AFBCF01002931FF /* Views */,
			);
			path = Mini3;
			sourceTree = "<group>";
		};
		C1DF60192AF995B900F0812C /* Preview Content */ = {
			isa = PBXGroup;
			children = (
				C1DF601A2AF995B900F0812C /* Preview Assets.xcassets */,
			);
			path = "Preview Content";
			sourceTree = "<group>";
		};
/* End PBXGroup section */

/* Begin PBXNativeTarget section */
		C1DF600F2AF995B800F0812C /* Mini3 */ = {
			isa = PBXNativeTarget;
			buildConfigurationList = C1DF60232AF995B900F0812C /* Build configuration list for PBXNativeTarget "Mini3" */;
			buildPhases = (
				C1DF600C2AF995B800F0812C /* Sources */,
				C1DF600D2AF995B800F0812C /* Frameworks */,
				C1DF600E2AF995B800F0812C /* Resources */,
			);
			buildRules = (
			);
			dependencies = (
			);
			name = Mini3;
			packageProductDependencies = (
				C1DF60272AF998D700F0812C /* Map */,
			);
			productName = Mini3;
			productReference = C1DF60102AF995B800F0812C /* Mini3.app */;
			productType = "com.apple.product-type.application";
		};
/* End PBXNativeTarget section */

/* Begin PBXProject section */
		C1DF60082AF995B800F0812C /* Project object */ = {
			isa = PBXProject;
			attributes = {
				BuildIndependentTargetsInParallel = 1;
				LastSwiftUpdateCheck = 1500;
				LastUpgradeCheck = 1500;
				TargetAttributes = {
					C1DF600F2AF995B800F0812C = {
						CreatedOnToolsVersion = 15.0;
					};
				};
			};
			buildConfigurationList = C1DF600B2AF995B800F0812C /* Build configuration list for PBXProject "Mini3" */;
			compatibilityVersion = "Xcode 14.0";
			developmentRegion = en;
			hasScannedForEncodings = 0;
			knownRegions = (
				en,
				Base,
			);
			mainGroup = C1DF60072AF995B800F0812C;
			packageReferences = (
				C1DF60262AF998D700F0812C /* XCRemoteSwiftPackageReference "Map" */,
			);
			productRefGroup = C1DF60112AF995B800F0812C /* Products */;
			projectDirPath = "";
			projectRoot = "";
			targets = (
				C1DF600F2AF995B800F0812C /* Mini3 */,
			);
		};
/* End PBXProject section */

/* Begin PBXResourcesBuildPhase section */
		C1DF600E2AF995B800F0812C /* Resources */ = {
			isa = PBXResourcesBuildPhase;
			buildActionMask = 2147483647;
			files = (
				A74EC6E62B025B4500EB3217 /* Poppins-Light.ttf in Resources */,
				A74EC6F02B025B4500EB3217 /* Poppins-Black.ttf in Resources */,
				A74EC6EE2B025B4500EB3217 /* Poppins-LightItalic.ttf in Resources */,
				A74EC6F12B025B4500EB3217 /* Poppins-Thin.ttf in Resources */,
				A74EC6E22B025B4500EB3217 /* Poppins-ExtraLight.ttf in Resources */,
				A74EC6F22B025B4500EB3217 /* Poppins-SemiBold.ttf in Resources */,
				A74EC6EF2B025B4500EB3217 /* Poppins-Bold.ttf in Resources */,
				A74EC6E32B025B4500EB3217 /* Poppins-ThinItalic.ttf in Resources */,
				A74EC6E42B025B4500EB3217 /* Poppins-ExtraLightItalic.ttf in Resources */,
				A74EC6EB2B025B4500EB3217 /* Poppins-BlackItalic.ttf in Resources */,
				A74EC6E92B025B4500EB3217 /* Poppins-ExtraBoldItalic.ttf in Resources */,
				A74EC6E52B025B4500EB3217 /* Poppins-BoldItalic.ttf in Resources */,
				A74EC6E82B025B4500EB3217 /* Poppins-SemiBoldItalic.ttf in Resources */,
				A74EC6EC2B025B4500EB3217 /* OFL.txt in Resources */,
				A74EC6ED2B025B4500EB3217 /* Poppins-Regular.ttf in Resources */,
				A74EC6EA2B025B4500EB3217 /* Poppins-ExtraBold.ttf in Resources */,
				A74EC6E72B025B4500EB3217 /* Poppins-Medium.ttf in Resources */,
				C1DF601B2AF995B900F0812C /* Preview Assets.xcassets in Resources */,
				A74EC6F32B025B4500EB3217 /* Poppins-Italic.ttf in Resources */,
				A74EC6F42B025B4500EB3217 /* Poppins-MediumItalic.ttf in Resources */,
				C1DF60182AF995B900F0812C /* Assets.xcassets in Resources */,
			);
			runOnlyForDeploymentPostprocessing = 0;
		};
/* End PBXResourcesBuildPhase section */

/* Begin PBXSourcesBuildPhase section */
		C1DF600C2AF995B800F0812C /* Sources */ = {
			isa = PBXSourcesBuildPhase;
			buildActionMask = 2147483647;
			files = (
				583216B12B039CE50023D286 /* CardTourDefault.swift in Sources */,
				C1DF601D2AF995B900F0812C /* Persistence.swift in Sources */,
				585D6DDC2B05148100C66FE9 /* CategoriesCard.swift in Sources */,
				C1DC74A42B056D7200BA039C /* SearchResultModel.swift in Sources */,
				C1DC74C32B058EEF00BA039C /* OnboardingSecondPage.swift in Sources */,
				A74EC6CD2B0254E100EB3217 /* Color.swift in Sources */,
				C1DF60162AF995B800F0812C /* ContentView.swift in Sources */,
				A7250ABA2AFA78FD00B34A61 /* TourModel.swift in Sources */,
				C1DC74B72B05700700BA039C /* AddStopSheetView.swift in Sources */,
				C1DC74B12B056F4300BA039C /* MapKitDataAccess.swift in Sources */,
				C1DC74BB2B05718E00BA039C /* StopAddedToTourView.swift in Sources */,
				C1DC74AF2B056F2F00BA039C /* DataAccess.swift in Sources */,
				C1DC74A62B056E5E00BA039C /* MarkerModel.swift in Sources */,
				A7250ABD2AFA7AD000B34A61 /* TourManager.swift in Sources */,
				C1DC74B52B056F7300BA039C /* SearchLocationServiceFactory.swift in Sources */,
				C1DC74B32B056F5F00BA039C /* SearchLocationService.swift in Sources */,
				C1DC74BD2B05723500BA039C /* SearchLocationView.swift in Sources */,
				C1DC74AB2B056EEB00BA039C /* MapViewModel.swift in Sources */,
				C1DC74A92B056ED600BA039C /* MapView.swift in Sources */,
				C1DF60202AF995B900F0812C /* Mini3.xcdatamodeld in Sources */,
				A7FDFC9B2B039EB500BB0738 /* Image.swift in Sources */,
				A7FDFC9D2B03B4B600BB0738 /* NotesEditorView.swift in Sources */,
				C1DF60142AF995B800F0812C /* Mini3App.swift in Sources */,
				C1DC74B92B05711E00BA039C /* FinishAddingStopsView.swift in Sources */,
				A7BE65E52AFC915D002931FF /* PlacesManager.swift in Sources */,
				A74EC6F62B025B6D00EB3217 /* Font.swift in Sources */,
				585D6DE02B05436400C66FE9 /* CategoryNameTour.swift in Sources */,
				A7FAA98F2AFD01B900CB1146 /* PointsView.swift in Sources */,
				C1DC74C12B058D2300BA039C /* OnboardingFirstPage.swift in Sources */,
				A7BE65E72AFC91D1002931FF /* PlaceModel.swift in Sources */,
				C1DC74BF2B05867500BA039C /* OnboardingView.swift in Sources */,
				A7250ABF2AFA7D3200B34A61 /* ToursView.swift in Sources */,
				585D6DDE2B0514B500C66FE9 /* StopPoints.swift in Sources */,
				583216B32B03BDF10023D286 /* CardTour.swift in Sources */,
			);
			runOnlyForDeploymentPostprocessing = 0;
		};
/* End PBXSourcesBuildPhase section */

/* Begin XCBuildConfiguration section */
		C1DF60212AF995B900F0812C /* Debug */ = {
			isa = XCBuildConfiguration;
			buildSettings = {
				ALWAYS_SEARCH_USER_PATHS = NO;
				ASSETCATALOG_COMPILER_GENERATE_SWIFT_ASSET_SYMBOL_EXTENSIONS = YES;
				CLANG_ANALYZER_NONNULL = YES;
				CLANG_ANALYZER_NUMBER_OBJECT_CONVERSION = YES_AGGRESSIVE;
				CLANG_CXX_LANGUAGE_STANDARD = "gnu++20";
				CLANG_ENABLE_MODULES = YES;
				CLANG_ENABLE_OBJC_ARC = YES;
				CLANG_ENABLE_OBJC_WEAK = YES;
				CLANG_WARN_BLOCK_CAPTURE_AUTORELEASING = YES;
				CLANG_WARN_BOOL_CONVERSION = YES;
				CLANG_WARN_COMMA = YES;
				CLANG_WARN_CONSTANT_CONVERSION = YES;
				CLANG_WARN_DEPRECATED_OBJC_IMPLEMENTATIONS = YES;
				CLANG_WARN_DIRECT_OBJC_ISA_USAGE = YES_ERROR;
				CLANG_WARN_DOCUMENTATION_COMMENTS = YES;
				CLANG_WARN_EMPTY_BODY = YES;
				CLANG_WARN_ENUM_CONVERSION = YES;
				CLANG_WARN_INFINITE_RECURSION = YES;
				CLANG_WARN_INT_CONVERSION = YES;
				CLANG_WARN_NON_LITERAL_NULL_CONVERSION = YES;
				CLANG_WARN_OBJC_IMPLICIT_RETAIN_SELF = YES;
				CLANG_WARN_OBJC_LITERAL_CONVERSION = YES;
				CLANG_WARN_OBJC_ROOT_CLASS = YES_ERROR;
				CLANG_WARN_QUOTED_INCLUDE_IN_FRAMEWORK_HEADER = YES;
				CLANG_WARN_RANGE_LOOP_ANALYSIS = YES;
				CLANG_WARN_STRICT_PROTOTYPES = YES;
				CLANG_WARN_SUSPICIOUS_MOVE = YES;
				CLANG_WARN_UNGUARDED_AVAILABILITY = YES_AGGRESSIVE;
				CLANG_WARN_UNREACHABLE_CODE = YES;
				CLANG_WARN__DUPLICATE_METHOD_MATCH = YES;
				COPY_PHASE_STRIP = NO;
				DEBUG_INFORMATION_FORMAT = dwarf;
				ENABLE_STRICT_OBJC_MSGSEND = YES;
				ENABLE_TESTABILITY = YES;
				ENABLE_USER_SCRIPT_SANDBOXING = YES;
				GCC_C_LANGUAGE_STANDARD = gnu17;
				GCC_DYNAMIC_NO_PIC = NO;
				GCC_NO_COMMON_BLOCKS = YES;
				GCC_OPTIMIZATION_LEVEL = 0;
				GCC_PREPROCESSOR_DEFINITIONS = (
					"DEBUG=1",
					"$(inherited)",
				);
				GCC_WARN_64_TO_32_BIT_CONVERSION = YES;
				GCC_WARN_ABOUT_RETURN_TYPE = YES_ERROR;
				GCC_WARN_UNDECLARED_SELECTOR = YES;
				GCC_WARN_UNINITIALIZED_AUTOS = YES_AGGRESSIVE;
				GCC_WARN_UNUSED_FUNCTION = YES;
				GCC_WARN_UNUSED_VARIABLE = YES;
				IPHONEOS_DEPLOYMENT_TARGET = 17.0;
				LOCALIZATION_PREFERS_STRING_CATALOGS = YES;
				MTL_ENABLE_DEBUG_INFO = INCLUDE_SOURCE;
				MTL_FAST_MATH = YES;
				ONLY_ACTIVE_ARCH = YES;
				SDKROOT = iphoneos;
				SWIFT_ACTIVE_COMPILATION_CONDITIONS = "DEBUG $(inherited)";
				SWIFT_OPTIMIZATION_LEVEL = "-Onone";
			};
			name = Debug;
		};
		C1DF60222AF995B900F0812C /* Release */ = {
			isa = XCBuildConfiguration;
			buildSettings = {
				ALWAYS_SEARCH_USER_PATHS = NO;
				ASSETCATALOG_COMPILER_GENERATE_SWIFT_ASSET_SYMBOL_EXTENSIONS = YES;
				CLANG_ANALYZER_NONNULL = YES;
				CLANG_ANALYZER_NUMBER_OBJECT_CONVERSION = YES_AGGRESSIVE;
				CLANG_CXX_LANGUAGE_STANDARD = "gnu++20";
				CLANG_ENABLE_MODULES = YES;
				CLANG_ENABLE_OBJC_ARC = YES;
				CLANG_ENABLE_OBJC_WEAK = YES;
				CLANG_WARN_BLOCK_CAPTURE_AUTORELEASING = YES;
				CLANG_WARN_BOOL_CONVERSION = YES;
				CLANG_WARN_COMMA = YES;
				CLANG_WARN_CONSTANT_CONVERSION = YES;
				CLANG_WARN_DEPRECATED_OBJC_IMPLEMENTATIONS = YES;
				CLANG_WARN_DIRECT_OBJC_ISA_USAGE = YES_ERROR;
				CLANG_WARN_DOCUMENTATION_COMMENTS = YES;
				CLANG_WARN_EMPTY_BODY = YES;
				CLANG_WARN_ENUM_CONVERSION = YES;
				CLANG_WARN_INFINITE_RECURSION = YES;
				CLANG_WARN_INT_CONVERSION = YES;
				CLANG_WARN_NON_LITERAL_NULL_CONVERSION = YES;
				CLANG_WARN_OBJC_IMPLICIT_RETAIN_SELF = YES;
				CLANG_WARN_OBJC_LITERAL_CONVERSION = YES;
				CLANG_WARN_OBJC_ROOT_CLASS = YES_ERROR;
				CLANG_WARN_QUOTED_INCLUDE_IN_FRAMEWORK_HEADER = YES;
				CLANG_WARN_RANGE_LOOP_ANALYSIS = YES;
				CLANG_WARN_STRICT_PROTOTYPES = YES;
				CLANG_WARN_SUSPICIOUS_MOVE = YES;
				CLANG_WARN_UNGUARDED_AVAILABILITY = YES_AGGRESSIVE;
				CLANG_WARN_UNREACHABLE_CODE = YES;
				CLANG_WARN__DUPLICATE_METHOD_MATCH = YES;
				COPY_PHASE_STRIP = NO;
				DEBUG_INFORMATION_FORMAT = "dwarf-with-dsym";
				ENABLE_NS_ASSERTIONS = NO;
				ENABLE_STRICT_OBJC_MSGSEND = YES;
				ENABLE_USER_SCRIPT_SANDBOXING = YES;
				GCC_C_LANGUAGE_STANDARD = gnu17;
				GCC_NO_COMMON_BLOCKS = YES;
				GCC_WARN_64_TO_32_BIT_CONVERSION = YES;
				GCC_WARN_ABOUT_RETURN_TYPE = YES_ERROR;
				GCC_WARN_UNDECLARED_SELECTOR = YES;
				GCC_WARN_UNINITIALIZED_AUTOS = YES_AGGRESSIVE;
				GCC_WARN_UNUSED_FUNCTION = YES;
				GCC_WARN_UNUSED_VARIABLE = YES;
				IPHONEOS_DEPLOYMENT_TARGET = 17.0;
				LOCALIZATION_PREFERS_STRING_CATALOGS = YES;
				MTL_ENABLE_DEBUG_INFO = NO;
				MTL_FAST_MATH = YES;
				SDKROOT = iphoneos;
				SWIFT_COMPILATION_MODE = wholemodule;
				VALIDATE_PRODUCT = YES;
			};
			name = Release;
		};
		C1DF60242AF995B900F0812C /* Debug */ = {
			isa = XCBuildConfiguration;
			buildSettings = {
				ASSETCATALOG_COMPILER_APPICON_NAME = AppIcon;
				ASSETCATALOG_COMPILER_GLOBAL_ACCENT_COLOR_NAME = AccentColor;
				CODE_SIGN_STYLE = Automatic;
				CURRENT_PROJECT_VERSION = 1;
				DEVELOPMENT_ASSET_PATHS = "\"Mini3/Preview Content\"";
				DEVELOPMENT_TEAM = "";
				ENABLE_PREVIEWS = YES;
				GENERATE_INFOPLIST_FILE = YES;
				INFOPLIST_FILE = Mini3/Info.plist;
				INFOPLIST_KEY_UIApplicationSceneManifest_Generation = YES;
				INFOPLIST_KEY_UIApplicationSupportsIndirectInputEvents = YES;
				INFOPLIST_KEY_UILaunchScreen_Generation = YES;
				INFOPLIST_KEY_UISupportedInterfaceOrientations_iPad = "UIInterfaceOrientationPortrait UIInterfaceOrientationPortraitUpsideDown UIInterfaceOrientationLandscapeLeft UIInterfaceOrientationLandscapeRight";
				INFOPLIST_KEY_UISupportedInterfaceOrientations_iPhone = "UIInterfaceOrientationPortrait UIInterfaceOrientationLandscapeLeft UIInterfaceOrientationLandscapeRight";
				LD_RUNPATH_SEARCH_PATHS = (
					"$(inherited)",
					"@executable_path/Frameworks",
				);
				MARKETING_VERSION = 1.0;
				PRODUCT_BUNDLE_IDENTIFIER = com.lucashflores.Mini3;
				PRODUCT_NAME = "$(TARGET_NAME)";
				SWIFT_EMIT_LOC_STRINGS = YES;
				SWIFT_VERSION = 5.0;
				TARGETED_DEVICE_FAMILY = "1,2";
			};
			name = Debug;
		};
		C1DF60252AF995B900F0812C /* Release */ = {
			isa = XCBuildConfiguration;
			buildSettings = {
				ASSETCATALOG_COMPILER_APPICON_NAME = AppIcon;
				ASSETCATALOG_COMPILER_GLOBAL_ACCENT_COLOR_NAME = AccentColor;
				CODE_SIGN_STYLE = Automatic;
				CURRENT_PROJECT_VERSION = 1;
				DEVELOPMENT_ASSET_PATHS = "\"Mini3/Preview Content\"";
				DEVELOPMENT_TEAM = "";
				ENABLE_PREVIEWS = YES;
				GENERATE_INFOPLIST_FILE = YES;
				INFOPLIST_FILE = Mini3/Info.plist;
				INFOPLIST_KEY_UIApplicationSceneManifest_Generation = YES;
				INFOPLIST_KEY_UIApplicationSupportsIndirectInputEvents = YES;
				INFOPLIST_KEY_UILaunchScreen_Generation = YES;
				INFOPLIST_KEY_UISupportedInterfaceOrientations_iPad = "UIInterfaceOrientationPortrait UIInterfaceOrientationPortraitUpsideDown UIInterfaceOrientationLandscapeLeft UIInterfaceOrientationLandscapeRight";
				INFOPLIST_KEY_UISupportedInterfaceOrientations_iPhone = "UIInterfaceOrientationPortrait UIInterfaceOrientationLandscapeLeft UIInterfaceOrientationLandscapeRight";
				LD_RUNPATH_SEARCH_PATHS = (
					"$(inherited)",
					"@executable_path/Frameworks",
				);
				MARKETING_VERSION = 1.0;
				PRODUCT_BUNDLE_IDENTIFIER = com.lucashflores.Mini3;
				PRODUCT_NAME = "$(TARGET_NAME)";
				SWIFT_EMIT_LOC_STRINGS = YES;
				SWIFT_VERSION = 5.0;
				TARGETED_DEVICE_FAMILY = "1,2";
			};
			name = Release;
		};
/* End XCBuildConfiguration section */

/* Begin XCConfigurationList section */
		C1DF600B2AF995B800F0812C /* Build configuration list for PBXProject "Mini3" */ = {
			isa = XCConfigurationList;
			buildConfigurations = (
				C1DF60212AF995B900F0812C /* Debug */,
				C1DF60222AF995B900F0812C /* Release */,
			);
			defaultConfigurationIsVisible = 0;
			defaultConfigurationName = Release;
		};
		C1DF60232AF995B900F0812C /* Build configuration list for PBXNativeTarget "Mini3" */ = {
			isa = XCConfigurationList;
			buildConfigurations = (
				C1DF60242AF995B900F0812C /* Debug */,
				C1DF60252AF995B900F0812C /* Release */,
			);
			defaultConfigurationIsVisible = 0;
			defaultConfigurationName = Release;
		};
/* End XCConfigurationList section */

/* Begin XCRemoteSwiftPackageReference section */
		C1DF60262AF998D700F0812C /* XCRemoteSwiftPackageReference "Map" */ = {
			isa = XCRemoteSwiftPackageReference;
			repositoryURL = "https://github.com/pauljohanneskraft/Map";
			requirement = {
				kind = exactVersion;
				version = 0.2.0;
			};
		};
/* End XCRemoteSwiftPackageReference section */

/* Begin XCSwiftPackageProductDependency section */
		C1DF60272AF998D700F0812C /* Map */ = {
			isa = XCSwiftPackageProductDependency;
			package = C1DF60262AF998D700F0812C /* XCRemoteSwiftPackageReference "Map" */;
			productName = Map;
		};
/* End XCSwiftPackageProductDependency section */

/* Begin XCVersionGroup section */
		C1DF601E2AF995B900F0812C /* Mini3.xcdatamodeld */ = {
			isa = XCVersionGroup;
			children = (
				C1DF601F2AF995B900F0812C /* Mini3.xcdatamodel */,
			);
			currentVersion = C1DF601F2AF995B900F0812C /* Mini3.xcdatamodel */;
			path = Mini3.xcdatamodeld;
			sourceTree = "<group>";
			versionGroupType = wrapper.xcdatamodel;
		};
/* End XCVersionGroup section */
	};
	rootObject = C1DF60082AF995B800F0812C /* Project object */;
}
